
Microsoft Visual Studio Solution File, Format Version 12.00
# Visual Studio Version 16
VisualStudioVersion = 16.0.30413.136
MinimumVisualStudioVersion = 10.0.40219.1
Project("{FAE04EC0-301F-11D3-BF4B-00C04F79EFBC}") = "ComplaintForCinema", "ComplaintForCinema\ComplaintForCinema.csproj", "{1FF65644-01D4-47E1-83F6-619320F36ABB}"
EndProject
Global
	GlobalSection(SolutionConfigurationPlatforms) = preSolution
		Debug|Any CPU = Debug|Any CPU
		Release|Any CPU = Release|Any CPU
	EndGlobalSection
	GlobalSection(ProjectConfigurationPlatforms) = postSolution
		{1FF65644-01D4-47E1-83F6-619320F36ABB}.Debug|Any CPU.ActiveCfg = Debug|Any CPU
		{1FF65644-01D4-47E1-83F6-619320F36ABB}.Debug|Any CPU.Build.0 = Debug|Any CPU
		{1FF65644-01D4-47E1-83F6-619320F36ABB}.Release|Any CPU.ActiveCfg = Release|Any CPU
		{1FF65644-01D4-47E1-83F6-619320F36ABB}.Release|Any CPU.Build.0 = Release|Any CPU
	EndGlobalSection
	GlobalSection(SolutionProperties) = preSolution
		HideSolutionNode = FALSE
	EndGlobalSection
	GlobalSection(ExtensibilityGlobals) = postSolution
		SolutionGuid = {209D1A58-57BE-46EB-BE21-AEF368C94026}
	EndGlobalSection
EndGlobal
